
Microsoft Visual Studio Solution File, Format Version 12.00
# Visual Studio Version 16
VisualStudioVersion = 16.0.30011.22
MinimumVisualStudioVersion = 10.0.40219.1
Project("{FAE04EC0-301F-11D3-BF4B-00C04F79EFBC}") = "OOP_lab_3_14_3", "OOP_lab_3_14_3\OOP_lab_3_14_3.csproj", "{DEAB1352-99E5-44E0-8B30-7352C1562039}"
EndProject
Project("{2150E333-8FDC-42A3-9474-1A3956D46DE8}") = "Solution Items", "Solution Items", "{773C2333-3E57-4938-BC1C-01DB72038A88}"
	ProjectSection(SolutionItems) = preProject
		.travis.yml = .travis.yml
	EndProjectSection
EndProject
Global
	GlobalSection(SolutionConfigurationPlatforms) = preSolution
		Debug|Any CPU = Debug|Any CPU
		Release|Any CPU = Release|Any CPU
	EndGlobalSection
	GlobalSection(ProjectConfigurationPlatforms) = postSolution
		{DEAB1352-99E5-44E0-8B30-7352C1562039}.Debug|Any CPU.ActiveCfg = Debug|Any CPU
		{DEAB1352-99E5-44E0-8B30-7352C1562039}.Debug|Any CPU.Build.0 = Debug|Any CPU
		{DEAB1352-99E5-44E0-8B30-7352C1562039}.Release|Any CPU.ActiveCfg = Release|Any CPU
		{DEAB1352-99E5-44E0-8B30-7352C1562039}.Release|Any CPU.Build.0 = Release|Any CPU
	EndGlobalSection
	GlobalSection(SolutionProperties) = preSolution
		HideSolutionNode = FALSE
	EndGlobalSection
	GlobalSection(ExtensibilityGlobals) = postSolution
		SolutionGuid = {3F4E7C3A-C1FD-410E-8574-5A6236FDDE9C}
	EndGlobalSection
EndGlobal
